
Microsoft Visual Studio Solution File, Format Version 12.00
# Visual Studio Version 16
VisualStudioVersion = 16.0.31005.135
MinimumVisualStudioVersion = 10.0.40219.1
Project("{FAE04EC0-301F-11D3-BF4B-00C04F79EFBC}") = "AñoBisiesto", "AñoBisiesto\AñoBisiesto.csproj", "{67F3DAE6-83A7-4EED-B8A4-7DD7CC5BD4DC}"
EndProject
Global
	GlobalSection(SolutionConfigurationPlatforms) = preSolution
		Debug|Any CPU = Debug|Any CPU
		Release|Any CPU = Release|Any CPU
	EndGlobalSection
	GlobalSection(ProjectConfigurationPlatforms) = postSolution
		{67F3DAE6-83A7-4EED-B8A4-7DD7CC5BD4DC}.Debug|Any CPU.ActiveCfg = Debug|Any CPU
		{67F3DAE6-83A7-4EED-B8A4-7DD7CC5BD4DC}.Debug|Any CPU.Build.0 = Debug|Any CPU
		{67F3DAE6-83A7-4EED-B8A4-7DD7CC5BD4DC}.Release|Any CPU.ActiveCfg = Release|Any CPU
		{67F3DAE6-83A7-4EED-B8A4-7DD7CC5BD4DC}.Release|Any CPU.Build.0 = Release|Any CPU
	EndGlobalSection
	GlobalSection(SolutionProperties) = preSolution
		HideSolutionNode = FALSE
	EndGlobalSection
	GlobalSection(ExtensibilityGlobals) = postSolution
		SolutionGuid = {DC09D687-B228-43A7-8A2F-333085E08A75}
	EndGlobalSection
EndGlobal
